// !$*UTF8*$!
{
	archiveVersion = 1;
	classes = {
	};
	objectVersion = 55;
	objects = {

/* Begin PBXBuildFile section */
		BB2D0D8827BE609D002BE188 /* ViewControllerExtensions+CoreData.swift in Sources */ = {isa = PBXBuildFile; fileRef = BB2D0D8727BE609D002BE188 /* ViewControllerExtensions+CoreData.swift */; };
		BB57EB0427954E0A00C21045 /* AppDelegate.swift in Sources */ = {isa = PBXBuildFile; fileRef = BB57EB0327954E0A00C21045 /* AppDelegate.swift */; };
		BB57EB0627954E0A00C21045 /* SceneDelegate.swift in Sources */ = {isa = PBXBuildFile; fileRef = BB57EB0527954E0A00C21045 /* SceneDelegate.swift */; };
		BB57EB0827954E0A00C21045 /* ToDoTableViewController.swift in Sources */ = {isa = PBXBuildFile; fileRef = BB57EB0727954E0A00C21045 /* ToDoTableViewController.swift */; };
		BB57EB0B27954E0A00C21045 /* Main.storyboard in Resources */ = {isa = PBXBuildFile; fileRef = BB57EB0927954E0A00C21045 /* Main.storyboard */; };
		BB57EB0D27954E0C00C21045 /* Assets.xcassets in Resources */ = {isa = PBXBuildFile; fileRef = BB57EB0C27954E0C00C21045 /* Assets.xcassets */; };
		BB57EB1027954E0C00C21045 /* LaunchScreen.storyboard in Resources */ = {isa = PBXBuildFile; fileRef = BB57EB0E27954E0C00C21045 /* LaunchScreen.storyboard */; };
		BBE4DDC227A7B7300022205D /* ViewControllerExtensions.swift in Sources */ = {isa = PBXBuildFile; fileRef = BBE4DDC127A7B7300022205D /* ViewControllerExtensions.swift */; };
		BBF6C1A527A5C5B70012BCF3 /* DataModel.xcdatamodeld in Sources */ = {isa = PBXBuildFile; fileRef = BBF6C1A327A5C5B70012BCF3 /* DataModel.xcdatamodeld */; };
		BBF6C1AA27A681530012BCF3 /* IQKeyboardManagerSwift in Frameworks */ = {isa = PBXBuildFile; productRef = BBF6C1A927A681530012BCF3 /* IQKeyboardManagerSwift */; };
		BBF6C1AC27A689370012BCF3 /* CategoriesViewController.swift in Sources */ = {isa = PBXBuildFile; fileRef = BBF6C1AB27A689370012BCF3 /* CategoriesViewController.swift */; };
/* End PBXBuildFile section */

/* Begin PBXFileReference section */
		BB2D0D8727BE609D002BE188 /* ViewControllerExtensions+CoreData.swift */ = {isa = PBXFileReference; lastKnownFileType = sourcecode.swift; path = "ViewControllerExtensions+CoreData.swift"; sourceTree = "<group>"; };
		BB57EB0027954E0A00C21045 /* MinimalisticTodolistApp.app */ = {isa = PBXFileReference; explicitFileType = wrapper.application; includeInIndex = 0; path = MinimalisticTodolistApp.app; sourceTree = BUILT_PRODUCTS_DIR; };
		BB57EB0327954E0A00C21045 /* AppDelegate.swift */ = {isa = PBXFileReference; lastKnownFileType = sourcecode.swift; path = AppDelegate.swift; sourceTree = "<group>"; };
		BB57EB0527954E0A00C21045 /* SceneDelegate.swift */ = {isa = PBXFileReference; lastKnownFileType = sourcecode.swift; path = SceneDelegate.swift; sourceTree = "<group>"; };
		BB57EB0727954E0A00C21045 /* ToDoTableViewController.swift */ = {isa = PBXFileReference; lastKnownFileType = sourcecode.swift; path = ToDoTableViewController.swift; sourceTree = "<group>"; };
		BB57EB0A27954E0A00C21045 /* Base */ = {isa = PBXFileReference; lastKnownFileType = file.storyboard; name = Base; path = Base.lproj/Main.storyboard; sourceTree = "<group>"; };
		BB57EB0C27954E0C00C21045 /* Assets.xcassets */ = {isa = PBXFileReference; lastKnownFileType = folder.assetcatalog; path = Assets.xcassets; sourceTree = "<group>"; };
		BB57EB0F27954E0C00C21045 /* Base */ = {isa = PBXFileReference; lastKnownFileType = file.storyboard; name = Base; path = Base.lproj/LaunchScreen.storyboard; sourceTree = "<group>"; };
		BB57EB1127954E0C00C21045 /* Info.plist */ = {isa = PBXFileReference; lastKnownFileType = text.plist.xml; path = Info.plist; sourceTree = "<group>"; };
		BBE4DDC127A7B7300022205D /* ViewControllerExtensions.swift */ = {isa = PBXFileReference; lastKnownFileType = sourcecode.swift; path = ViewControllerExtensions.swift; sourceTree = "<group>"; };
		BBF6C1A427A5C5B70012BCF3 /* DataModel.xcdatamodel */ = {isa = PBXFileReference; lastKnownFileType = wrapper.xcdatamodel; path = DataModel.xcdatamodel; sourceTree = "<group>"; };
		BBF6C1AB27A689370012BCF3 /* CategoriesViewController.swift */ = {isa = PBXFileReference; lastKnownFileType = sourcecode.swift; path = CategoriesViewController.swift; sourceTree = "<group>"; };
/* End PBXFileReference section */

/* Begin PBXFrameworksBuildPhase section */
		BB57EAFD27954E0A00C21045 /* Frameworks */ = {
			isa = PBXFrameworksBuildPhase;
			buildActionMask = 2147483647;
			files = (
				BBF6C1AA27A681530012BCF3 /* IQKeyboardManagerSwift in Frameworks */,
			);
			runOnlyForDeploymentPostprocessing = 0;
		};
/* End PBXFrameworksBuildPhase section */

/* Begin PBXGroup section */
		BB3FAC6A27BE652B00A5D2FF /* Extensions */ = {
			isa = PBXGroup;
			children = (
				BBE4DDC127A7B7300022205D /* ViewControllerExtensions.swift */,
				BB2D0D8727BE609D002BE188 /* ViewControllerExtensions+CoreData.swift */,
			);
			path = Extensions;
			sourceTree = "<group>";
		};
		BB57EAF727954E0A00C21045 = {
			isa = PBXGroup;
			children = (
				BB57EB0227954E0A00C21045 /* MinimalisticTodolistApp */,
				BB57EB0127954E0A00C21045 /* Products */,
			);
			sourceTree = "<group>";
		};
		BB57EB0127954E0A00C21045 /* Products */ = {
			isa = PBXGroup;
			children = (
				BB57EB0027954E0A00C21045 /* MinimalisticTodolistApp.app */,
			);
			name = Products;
			sourceTree = "<group>";
		};
		BB57EB0227954E0A00C21045 /* MinimalisticTodolistApp */ = {
			isa = PBXGroup;
			children = (
				BBFC532027A11F3C003C1583 /* View+Controller */,
				BBFC531E27A11F22003C1583 /* Model */,
				BB57EB0327954E0A00C21045 /* AppDelegate.swift */,
				BB57EB0527954E0A00C21045 /* SceneDelegate.swift */,
				BB57EB0927954E0A00C21045 /* Main.storyboard */,
				BB57EB0C27954E0C00C21045 /* Assets.xcassets */,
				BB57EB0E27954E0C00C21045 /* LaunchScreen.storyboard */,
				BB57EB1127954E0C00C21045 /* Info.plist */,
			);
			path = MinimalisticTodolistApp;
			sourceTree = "<group>";
		};
		BBFC531E27A11F22003C1583 /* Model */ = {
			isa = PBXGroup;
			children = (
				BBF6C1A327A5C5B70012BCF3 /* DataModel.xcdatamodeld */,
			);
			path = Model;
			sourceTree = "<group>";
		};
		BBFC532027A11F3C003C1583 /* View+Controller */ = {
			isa = PBXGroup;
			children = (
				BB3FAC6A27BE652B00A5D2FF /* Extensions */,
				BB57EB0727954E0A00C21045 /* ToDoTableViewController.swift */,
				BBF6C1AB27A689370012BCF3 /* CategoriesViewController.swift */,
			);
			path = "View+Controller";
			sourceTree = "<group>";
		};
/* End PBXGroup section */

/* Begin PBXNativeTarget section */
		BB57EAFF27954E0A00C21045 /* MinimalisticTodolistApp */ = {
			isa = PBXNativeTarget;
			buildConfigurationList = BB57EB1427954E0C00C21045 /* Build configuration list for PBXNativeTarget "MinimalisticTodolistApp" */;
			buildPhases = (
				BB57EAFC27954E0A00C21045 /* Sources */,
				BB57EAFD27954E0A00C21045 /* Frameworks */,
				BB57EAFE27954E0A00C21045 /* Resources */,
			);
			buildRules = (
			);
			dependencies = (
			);
			name = MinimalisticTodolistApp;
			packageProductDependencies = (
				BBF6C1A927A681530012BCF3 /* IQKeyboardManagerSwift */,
			);
			productName = CourseToDoListApp;
			productReference = BB57EB0027954E0A00C21045 /* MinimalisticTodolistApp.app */;
			productType = "com.apple.product-type.application";
		};
/* End PBXNativeTarget section */

/* Begin PBXProject section */
		BB57EAF827954E0A00C21045 /* Project object */ = {
			isa = PBXProject;
			attributes = {
				BuildIndependentTargetsInParallel = 1;
				LastSwiftUpdateCheck = 1310;
				LastUpgradeCheck = 1310;
				TargetAttributes = {
					BB57EAFF27954E0A00C21045 = {
						CreatedOnToolsVersion = 13.1;
					};
				};
			};
			buildConfigurationList = BB57EAFB27954E0A00C21045 /* Build configuration list for PBXProject "MinimalisticTodolistApp" */;
			compatibilityVersion = "Xcode 13.0";
			developmentRegion = en;
			hasScannedForEncodings = 0;
			knownRegions = (
				en,
				Base,
			);
			mainGroup = BB57EAF727954E0A00C21045;
			packageReferences = (
				BBF6C1A827A681530012BCF3 /* XCRemoteSwiftPackageReference "IQKeyboardManager" */,
			);
			productRefGroup = BB57EB0127954E0A00C21045 /* Products */;
			projectDirPath = "";
			projectRoot = "";
			targets = (
				BB57EAFF27954E0A00C21045 /* MinimalisticTodolistApp */,
			);
		};
/* End PBXProject section */

/* Begin PBXResourcesBuildPhase section */
		BB57EAFE27954E0A00C21045 /* Resources */ = {
			isa = PBXResourcesBuildPhase;
			buildActionMask = 2147483647;
			files = (
				BB57EB1027954E0C00C21045 /* LaunchScreen.storyboard in Resources */,
				BB57EB0D27954E0C00C21045 /* Assets.xcassets in Resources */,
				BB57EB0B27954E0A00C21045 /* Main.storyboard in Resources */,
			);
			runOnlyForDeploymentPostprocessing = 0;
		};
/* End PBXResourcesBuildPhase section */

/* Begin PBXSourcesBuildPhase section */
		BB57EAFC27954E0A00C21045 /* Sources */ = {
			isa = PBXSourcesBuildPhase;
			buildActionMask = 2147483647;
			files = (
				BB57EB0827954E0A00C21045 /* ToDoTableViewController.swift in Sources */,
				BBF6C1A527A5C5B70012BCF3 /* DataModel.xcdatamodeld in Sources */,
				BBF6C1AC27A689370012BCF3 /* CategoriesViewController.swift in Sources */,
				BB57EB0427954E0A00C21045 /* AppDelegate.swift in Sources */,
				BB57EB0627954E0A00C21045 /* SceneDelegate.swift in Sources */,
				BBE4DDC227A7B7300022205D /* ViewControllerExtensions.swift in Sources */,
				BB2D0D8827BE609D002BE188 /* ViewControllerExtensions+CoreData.swift in Sources */,
			);
			runOnlyForDeploymentPostprocessing = 0;
		};
/* End PBXSourcesBuildPhase section */

/* Begin PBXVariantGroup section */
		BB57EB0927954E0A00C21045 /* Main.storyboard */ = {
			isa = PBXVariantGroup;
			children = (
				BB57EB0A27954E0A00C21045 /* Base */,
			);
			name = Main.storyboard;
			sourceTree = "<group>";
		};
		BB57EB0E27954E0C00C21045 /* LaunchScreen.storyboard */ = {
			isa = PBXVariantGroup;
			children = (
				BB57EB0F27954E0C00C21045 /* Base */,
			);
			name = LaunchScreen.storyboard;
			sourceTree = "<group>";
		};
/* End PBXVariantGroup section */

/* Begin XCBuildConfiguration section */
		BB57EB1227954E0C00C21045 /* Debug */ = {
			isa = XCBuildConfiguration;
			buildSettings = {
				ALWAYS_SEARCH_USER_PATHS = NO;
				CLANG_ANALYZER_NONNULL = YES;
				CLANG_ANALYZER_NUMBER_OBJECT_CONVERSION = YES_AGGRESSIVE;
				CLANG_CXX_LANGUAGE_STANDARD = "gnu++17";
				CLANG_CXX_LIBRARY = "libc++";
				CLANG_ENABLE_MODULES = YES;
				CLANG_ENABLE_OBJC_ARC = YES;
				CLANG_ENABLE_OBJC_WEAK = YES;
				CLANG_WARN_BLOCK_CAPTURE_AUTORELEASING = YES;
				CLANG_WARN_BOOL_CONVERSION = YES;
				CLANG_WARN_COMMA = YES;
				CLANG_WARN_CONSTANT_CONVERSION = YES;
				CLANG_WARN_DEPRECATED_OBJC_IMPLEMENTATIONS = YES;
				CLANG_WARN_DIRECT_OBJC_ISA_USAGE = YES_ERROR;
				CLANG_WARN_DOCUMENTATION_COMMENTS = YES;
				CLANG_WARN_EMPTY_BODY = YES;
				CLANG_WARN_ENUM_CONVERSION = YES;
				CLANG_WARN_INFINITE_RECURSION = YES;
				CLANG_WARN_INT_CONVERSION = YES;
				CLANG_WARN_NON_LITERAL_NULL_CONVERSION = YES;
				CLANG_WARN_OBJC_IMPLICIT_RETAIN_SELF = YES;
				CLANG_WARN_OBJC_LITERAL_CONVERSION = YES;
				CLANG_WARN_OBJC_ROOT_CLASS = YES_ERROR;
				CLANG_WARN_QUOTED_INCLUDE_IN_FRAMEWORK_HEADER = YES;
				CLANG_WARN_RANGE_LOOP_ANALYSIS = YES;
				CLANG_WARN_STRICT_PROTOTYPES = YES;
				CLANG_WARN_SUSPICIOUS_MOVE = YES;
				CLANG_WARN_UNGUARDED_AVAILABILITY = YES_AGGRESSIVE;
				CLANG_WARN_UNREACHABLE_CODE = YES;
				CLANG_WARN__DUPLICATE_METHOD_MATCH = YES;
				COPY_PHASE_STRIP = NO;
				DEBUG_INFORMATION_FORMAT = dwarf;
				ENABLE_STRICT_OBJC_MSGSEND = YES;
				ENABLE_TESTABILITY = YES;
				GCC_C_LANGUAGE_STANDARD = gnu11;
				GCC_DYNAMIC_NO_PIC = NO;
				GCC_NO_COMMON_BLOCKS = YES;
				GCC_OPTIMIZATION_LEVEL = 0;
				GCC_PREPROCESSOR_DEFINITIONS = (
					"DEBUG=1",
					"$(inherited)",
				);
				GCC_WARN_64_TO_32_BIT_CONVERSION = YES;
				GCC_WARN_ABOUT_RETURN_TYPE = YES_ERROR;
				GCC_WARN_UNDECLARED_SELECTOR = YES;
				GCC_WARN_UNINITIALIZED_AUTOS = YES_AGGRESSIVE;
				GCC_WARN_UNUSED_FUNCTION = YES;
				GCC_WARN_UNUSED_VARIABLE = YES;
				IPHONEOS_DEPLOYMENT_TARGET = 15.0;
				MTL_ENABLE_DEBUG_INFO = INCLUDE_SOURCE;
				MTL_FAST_MATH = YES;
				ONLY_ACTIVE_ARCH = YES;
				SDKROOT = iphoneos;
				SWIFT_ACTIVE_COMPILATION_CONDITIONS = DEBUG;
				SWIFT_OPTIMIZATION_LEVEL = "-Onone";
			};
			name = Debug;
		};
		BB57EB1327954E0C00C21045 /* Release */ = {
			isa = XCBuildConfiguration;
			buildSettings = {
				ALWAYS_SEARCH_USER_PATHS = NO;
				CLANG_ANALYZER_NONNULL = YES;
				CLANG_ANALYZER_NUMBER_OBJECT_CONVERSION = YES_AGGRESSIVE;
				CLANG_CXX_LANGUAGE_STANDARD = "gnu++17";
				CLANG_CXX_LIBRARY = "libc++";
				CLANG_ENABLE_MODULES = YES;
				CLANG_ENABLE_OBJC_ARC = YES;
				CLANG_ENABLE_OBJC_WEAK = YES;
				CLANG_WARN_BLOCK_CAPTURE_AUTORELEASING = YES;
				CLANG_WARN_BOOL_CONVERSION = YES;
				CLANG_WARN_COMMA = YES;
				CLANG_WARN_CONSTANT_CONVERSION = YES;
				CLANG_WARN_DEPRECATED_OBJC_IMPLEMENTATIONS = YES;
				CLANG_WARN_DIRECT_OBJC_ISA_USAGE = YES_ERROR;
				CLANG_WARN_DOCUMENTATION_COMMENTS = YES;
				CLANG_WARN_EMPTY_BODY = YES;
				CLANG_WARN_ENUM_CONVERSION = YES;
				CLANG_WARN_INFINITE_RECURSION = YES;
				CLANG_WARN_INT_CONVERSION = YES;
				CLANG_WARN_NON_LITERAL_NULL_CONVERSION = YES;
				CLANG_WARN_OBJC_IMPLICIT_RETAIN_SELF = YES;
				CLANG_WARN_OBJC_LITERAL_CONVERSION = YES;
				CLANG_WARN_OBJC_ROOT_CLASS = YES_ERROR;
				CLANG_WARN_QUOTED_INCLUDE_IN_FRAMEWORK_HEADER = YES;
				CLANG_WARN_RANGE_LOOP_ANALYSIS = YES;
				CLANG_WARN_STRICT_PROTOTYPES = YES;
				CLANG_WARN_SUSPICIOUS_MOVE = YES;
				CLANG_WARN_UNGUARDED_AVAILABILITY = YES_AGGRESSIVE;
				CLANG_WARN_UNREACHABLE_CODE = YES;
				CLANG_WARN__DUPLICATE_METHOD_MATCH = YES;
				COPY_PHASE_STRIP = NO;
				DEBUG_INFORMATION_FORMAT = "dwarf-with-dsym";
				ENABLE_NS_ASSERTIONS = NO;
				ENABLE_STRICT_OBJC_MSGSEND = YES;
				GCC_C_LANGUAGE_STANDARD = gnu11;
				GCC_NO_COMMON_BLOCKS = YES;
				GCC_WARN_64_TO_32_BIT_CONVERSION = YES;
				GCC_WARN_ABOUT_RETURN_TYPE = YES_ERROR;
				GCC_WARN_UNDECLARED_SELECTOR = YES;
				GCC_WARN_UNINITIALIZED_AUTOS = YES_AGGRESSIVE;
				GCC_WARN_UNUSED_FUNCTION = YES;
				GCC_WARN_UNUSED_VARIABLE = YES;
				IPHONEOS_DEPLOYMENT_TARGET = 15.0;
				MTL_ENABLE_DEBUG_INFO = NO;
				MTL_FAST_MATH = YES;
				SDKROOT = iphoneos;
				SWIFT_COMPILATION_MODE = wholemodule;
				SWIFT_OPTIMIZATION_LEVEL = "-O";
				VALIDATE_PRODUCT = YES;
			};
			name = Release;
		};
		BB57EB1527954E0C00C21045 /* Debug */ = {
			isa = XCBuildConfiguration;
			buildSettings = {
				ASSETCATALOG_COMPILER_APPICON_NAME = AppIcon;
				ASSETCATALOG_COMPILER_GLOBAL_ACCENT_COLOR_NAME = AccentColor;
				CODE_SIGN_STYLE = Automatic;
				CURRENT_PROJECT_VERSION = 1;
				DEVELOPMENT_TEAM = S7242VTUBZ;
				GENERATE_INFOPLIST_FILE = YES;
				INFOPLIST_FILE = MinimalisticTodolistApp/Info.plist;
				INFOPLIST_KEY_UIApplicationSupportsIndirectInputEvents = YES;
				INFOPLIST_KEY_UILaunchStoryboardName = LaunchScreen;
				INFOPLIST_KEY_UIMainStoryboardFile = Main;
				INFOPLIST_KEY_UISupportedInterfaceOrientations_iPad = "UIInterfaceOrientationPortrait UIInterfaceOrientationPortraitUpsideDown UIInterfaceOrientationLandscapeLeft UIInterfaceOrientationLandscapeRight";
				INFOPLIST_KEY_UISupportedInterfaceOrientations_iPhone = "UIInterfaceOrientationPortrait UIInterfaceOrientationLandscapeLeft UIInterfaceOrientationLandscapeRight";
				LD_RUNPATH_SEARCH_PATHS = (
					"$(inherited)",
					"@executable_path/Frameworks",
				);
				MARKETING_VERSION = 1.0;
				PRODUCT_BUNDLE_IDENTIFIER = com.bezzemelnyi.konstantin.MinimalisticTodolistApp;
				PRODUCT_NAME = "$(TARGET_NAME)";
				SWIFT_EMIT_LOC_STRINGS = YES;
				SWIFT_VERSION = 5.0;
				TARGETED_DEVICE_FAMILY = "1,2";
			};
			name = Debug;
		};
		BB57EB1627954E0C00C21045 /* Release */ = {
			isa = XCBuildConfiguration;
			buildSettings = {
				ASSETCATALOG_COMPILER_APPICON_NAME = AppIcon;
				ASSETCATALOG_COMPILER_GLOBAL_ACCENT_COLOR_NAME = AccentColor;
				CODE_SIGN_STYLE = Automatic;
				CURRENT_PROJECT_VERSION = 1;
				DEVELOPMENT_TEAM = S7242VTUBZ;
				GENERATE_INFOPLIST_FILE = YES;
				INFOPLIST_FILE = MinimalisticTodolistApp/Info.plist;
				INFOPLIST_KEY_UIApplicationSupportsIndirectInputEvents = YES;
				INFOPLIST_KEY_UILaunchStoryboardName = LaunchScreen;
				INFOPLIST_KEY_UIMainStoryboardFile = Main;
				INFOPLIST_KEY_UISupportedInterfaceOrientations_iPad = "UIInterfaceOrientationPortrait UIInterfaceOrientationPortraitUpsideDown UIInterfaceOrientationLandscapeLeft UIInterfaceOrientationLandscapeRight";
				INFOPLIST_KEY_UISupportedInterfaceOrientations_iPhone = "UIInterfaceOrientationPortrait UIInterfaceOrientationLandscapeLeft UIInterfaceOrientationLandscapeRight";
				LD_RUNPATH_SEARCH_PATHS = (
					"$(inherited)",
					"@executable_path/Frameworks",
				);
				MARKETING_VERSION = 1.0;
				PRODUCT_BUNDLE_IDENTIFIER = com.bezzemelnyi.konstantin.MinimalisticTodolistApp;
				PRODUCT_NAME = "$(TARGET_NAME)";
				SWIFT_EMIT_LOC_STRINGS = YES;
				SWIFT_VERSION = 5.0;
				TARGETED_DEVICE_FAMILY = "1,2";
			};
			name = Release;
		};
/* End XCBuildConfiguration section */

/* Begin XCConfigurationList section */
		BB57EAFB27954E0A00C21045 /* Build configuration list for PBXProject "MinimalisticTodolistApp" */ = {
			isa = XCConfigurationList;
			buildConfigurations = (
				BB57EB1227954E0C00C21045 /* Debug */,
				BB57EB1327954E0C00C21045 /* Release */,
			);
			defaultConfigurationIsVisible = 0;
			defaultConfigurationName = Release;
		};
		BB57EB1427954E0C00C21045 /* Build configuration list for PBXNativeTarget "MinimalisticTodolistApp" */ = {
			isa = XCConfigurationList;
			buildConfigurations = (
				BB57EB1527954E0C00C21045 /* Debug */,
				BB57EB1627954E0C00C21045 /* Release */,
			);
			defaultConfigurationIsVisible = 0;
			defaultConfigurationName = Release;
		};
/* End XCConfigurationList section */

/* Begin XCRemoteSwiftPackageReference section */
		BBF6C1A827A681530012BCF3 /* XCRemoteSwiftPackageReference "IQKeyboardManager" */ = {
			isa = XCRemoteSwiftPackageReference;
			repositoryURL = "https://github.com/hackiftekhar/IQKeyboardManager.git";
			requirement = {
				branch = master;
				kind = branch;
			};
		};
/* End XCRemoteSwiftPackageReference section */

/* Begin XCSwiftPackageProductDependency section */
		BBF6C1A927A681530012BCF3 /* IQKeyboardManagerSwift */ = {
			isa = XCSwiftPackageProductDependency;
			package = BBF6C1A827A681530012BCF3 /* XCRemoteSwiftPackageReference "IQKeyboardManager" */;
			productName = IQKeyboardManagerSwift;
		};
/* End XCSwiftPackageProductDependency section */

/* Begin XCVersionGroup section */
		BBF6C1A327A5C5B70012BCF3 /* DataModel.xcdatamodeld */ = {
			isa = XCVersionGroup;
			children = (
				BBF6C1A427A5C5B70012BCF3 /* DataModel.xcdatamodel */,
			);
			currentVersion = BBF6C1A427A5C5B70012BCF3 /* DataModel.xcdatamodel */;
			path = DataModel.xcdatamodeld;
			sourceTree = "<group>";
			versionGroupType = wrapper.xcdatamodel;
		};
/* End XCVersionGroup section */
	};
	rootObject = BB57EAF827954E0A00C21045 /* Project object */;
}
